PODS:
  - Flutter (1.0.0)
  - integration_test (0.0.1):
    - Flutter
  - twilio_voice_wrapper (0.0.1):
    - Flutter
    - TwilioVoice (~> 6.11)
  - TwilioVoice (6.13.1)

DEPENDENCIES:
  - Flutter (from `Flutter`)
  - integration_test (from `.symlinks/plugins/integration_test/ios`)
  - twilio_voice_wrapper (from `.symlinks/plugins/twilio_voice_wrapper/ios`)

SPEC REPOS:
  trunk:
    - TwilioVoice

EXTERNAL SOURCES:
  Flutter:
    :path: Flutter
  integration_test:
    :path: ".symlinks/plugins/integration_test/ios"
  twilio_voice_wrapper:
    :path: ".symlinks/plugins/twilio_voice_wrapper/ios"

SPEC CHECKSUMS:
  Flutter: e0871f40cf51350855a761d2e70bf5af5b9b5de7
  integration_test: 252f60fa39af5e17c3aa9899d35d908a0721b573
  twilio_voice_wrapper: 513480a019073624771215a22060cdf968546082
  TwilioVoice: ab8a3bb4fc566710d34e2aac627f97690d24d476

PODFILE CHECKSUM: 819463e6a0290f5a72f145ba7cde16e8b6ef0796

COCOAPODS: 1.16.2
